
Microsoft Visual Studio Solution File, Format Version 12.00
# Visual Studio Version 17
VisualStudioVersion = 17.7.34202.233
MinimumVisualStudioVersion = 10.0.40219.1
Project("{FAE04EC0-301F-11D3-BF4B-00C04F79EFBC}") = "ControlesContenedores", "ControlesContenedores.csproj", "{0AEF5C4B-F19B-404C-B4F4-8F72755E8A20}"
EndProject
Global
	GlobalSection(SolutionConfigurationPlatforms) = preSolution
		Debug|Any CPU = Debug|Any CPU
		Release|Any CPU = Release|Any CPU
	EndGlobalSection
	GlobalSection(ProjectConfigurationPlatforms) = postSolution
		{0AEF5C4B-F19B-404C-B4F4-8F72755E8A20}.Debug|Any CPU.ActiveCfg = Debug|Any CPU
		{0AEF5C4B-F19B-404C-B4F4-8F72755E8A20}.Debug|Any CPU.Build.0 = Debug|Any CPU
		{0AEF5C4B-F19B-404C-B4F4-8F72755E8A20}.Release|Any CPU.ActiveCfg = Release|Any CPU
		{0AEF5C4B-F19B-404C-B4F4-8F72755E8A20}.Release|Any CPU.Build.0 = Release|Any CPU
	EndGlobalSection
	GlobalSection(SolutionProperties) = preSolution
		HideSolutionNode = FALSE
	EndGlobalSection
	GlobalSection(ExtensibilityGlobals) = postSolution
		SolutionGuid = {B9FE5AD6-EF50-4610-85C0-E14C37115481}
	EndGlobalSection
EndGlobal
